
Microsoft Visual Studio Solution File, Format Version 12.00
# Visual Studio Version 16
VisualStudioVersion = 16.0.29326.143
MinimumVisualStudioVersion = 10.0.40219.1
Project("{FAE04EC0-301F-11D3-BF4B-00C04F79EFBC}") = "ScreenSwitchTP", "ScreenSwitchTP.csproj", "{8278E1CB-6627-4D85-99FC-D78F8DE8669E}"
EndProject
Global
	GlobalSection(SolutionConfigurationPlatforms) = preSolution
		Debug|Any CPU = Debug|Any CPU
		Release|Any CPU = Release|Any CPU
	EndGlobalSection
	GlobalSection(ProjectConfigurationPlatforms) = postSolution
		{8278E1CB-6627-4D85-99FC-D78F8DE8669E}.Debug|Any CPU.ActiveCfg = Debug|Any CPU
		{8278E1CB-6627-4D85-99FC-D78F8DE8669E}.Debug|Any CPU.Build.0 = Debug|Any CPU
		{8278E1CB-6627-4D85-99FC-D78F8DE8669E}.Release|Any CPU.ActiveCfg = Release|Any CPU
		{8278E1CB-6627-4D85-99FC-D78F8DE8669E}.Release|Any CPU.Build.0 = Release|Any CPU
	EndGlobalSection
	GlobalSection(SolutionProperties) = preSolution
		HideSolutionNode = FALSE
	EndGlobalSection
	GlobalSection(ExtensibilityGlobals) = postSolution
		SolutionGuid = {BAA7032E-44E1-49A6-9BC6-A7AA40827A1B}
	EndGlobalSection
EndGlobal
